
Microsoft Visual Studio Solution File, Format Version 12.00
# Visual Studio Version 16
VisualStudioVersion = 16.0.30320.27
MinimumVisualStudioVersion = 10.0.40219.1
Project("{8BC9CEB8-8B4A-11D0-8D11-00A0C91BC942}") = "test 7.23", "test 7.23\test 7.23.vcxproj", "{77221908-FA0F-46FF-8689-F0B4CACDB83A}"
EndProject
Global
	GlobalSection(SolutionConfigurationPlatforms) = preSolution
		Debug|x64 = Debug|x64
		Debug|x86 = Debug|x86
		Release|x64 = Release|x64
		Release|x86 = Release|x86
	EndGlobalSection
	GlobalSection(ProjectConfigurationPlatforms) = postSolution
		{77221908-FA0F-46FF-8689-F0B4CACDB83A}.Debug|x64.ActiveCfg = Debug|x64
		{77221908-FA0F-46FF-8689-F0B4CACDB83A}.Debug|x64.Build.0 = Debug|x64
		{77221908-FA0F-46FF-8689-F0B4CACDB83A}.Debug|x86.ActiveCfg = Debug|Win32
		{77221908-FA0F-46FF-8689-F0B4CACDB83A}.Debug|x86.Build.0 = Debug|Win32
		{77221908-FA0F-46FF-8689-F0B4CACDB83A}.Release|x64.ActiveCfg = Release|x64
		{77221908-FA0F-46FF-8689-F0B4CACDB83A}.Release|x64.Build.0 = Release|x64
		{77221908-FA0F-46FF-8689-F0B4CACDB83A}.Release|x86.ActiveCfg = Release|Win32
		{77221908-FA0F-46FF-8689-F0B4CACDB83A}.Release|x86.Build.0 = Release|Win32
	EndGlobalSection
	GlobalSection(SolutionProperties) = preSolution
		HideSolutionNode = FALSE
	EndGlobalSection
	GlobalSection(ExtensibilityGlobals) = postSolution
		SolutionGuid = {24E7B868-8518-4E93-975A-ADAE43F696C9}
	EndGlobalSection
EndGlobal
